
Microsoft Visual Studio Solution File, Format Version 12.00
# Visual Studio Version 17
VisualStudioVersion = 17.9.34728.123
MinimumVisualStudioVersion = 10.0.40219.1
Project("{9A19103F-16F7-4668-BE54-9A1E7A4F7556}") = "PRUEBAGS", "PRUEBAGS.csproj", "{360B3CCF-62F8-41B0-8644-4AF3DA2089A3}"
EndProject
Global
	GlobalSection(SolutionConfigurationPlatforms) = preSolution
		Debug|Any CPU = Debug|Any CPU
		Release|Any CPU = Release|Any CPU
	EndGlobalSection
	GlobalSection(ProjectConfigurationPlatforms) = postSolution
		{360B3CCF-62F8-41B0-8644-4AF3DA2089A3}.Debug|Any CPU.ActiveCfg = Debug|Any CPU
		{360B3CCF-62F8-41B0-8644-4AF3DA2089A3}.Debug|Any CPU.Build.0 = Debug|Any CPU
		{360B3CCF-62F8-41B0-8644-4AF3DA2089A3}.Release|Any CPU.ActiveCfg = Release|Any CPU
		{360B3CCF-62F8-41B0-8644-4AF3DA2089A3}.Release|Any CPU.Build.0 = Release|Any CPU
	EndGlobalSection
	GlobalSection(SolutionProperties) = preSolution
		HideSolutionNode = FALSE
	EndGlobalSection
	GlobalSection(ExtensibilityGlobals) = postSolution
		SolutionGuid = {74AACEF8-FC3C-4406-97B7-5D3DAB6C7AEF}
	EndGlobalSection
EndGlobal
